lock_version: 1
packages:
  fastapi@0.136.1:
    name: fastapi
    version: 0.136.1
    source: pypi
    resolved: https://files.pythonhosted.org/packages/5a/ff/2e4eca3ade2c22fe1dea7043b8ee9dabe47753349eb1b56a202de8af6349/fastapi-0.136.1-py3-none-any.whl
    integrity: sha256:a6e9d7eeada96c93a4d69cb03836b44fa34e2854accb7244a1ece36cd4781c3f
    direct: true
    group: main
    dependencies:
      starlette>=0-46-0: '*'
      pydantic>=2-9-0: '*'
      typing-extensions>=4-8-0: '*'
      typing-inspection>=0-4-2: '*'
      annotated-doc>=0-0-2: '*'
  uvicorn@0.47.0:
    name: uvicorn
    version: 0.47.0
    source: pypi
    resolved: https://files.pythonhosted.org/packages/15/41/ac2dfdbc1f60c7af4f994c7a335cfa7040c01642b605d65f611cecc2a1e4/uvicorn-0.47.0-py3-none-any.whl
    integrity: sha256:2c5715bc12d1892d84752049f400cd1c3cb018514967fdfeb97640443a6a9432
    direct: true
    group: main
    dependencies:
      click>=7-0: '*'
      h11>=0-8: '*'
      typing-extensions>=4-0: '*'
python:
  required: '3.10'
  resolved: 3.10.20
  implementation: CPython
